PODS:
  - FontAwesomeKit (2.1.5):
    - FontAwesomeKit/Core
    - FontAwesomeKit/FontAwesome
    - FontAwesomeKit/FoundationIcons
    - FontAwesomeKit/IonIcons
    - FontAwesomeKit/Zocial
  - FontAwesomeKit/Core (2.1.5)
  - FontAwesomeKit/FontAwesome (2.1.5):
    - FontAwesomeKit/Core
  - FontAwesomeKit/FoundationIcons (2.1.5):
    - FontAwesomeKit/Core
  - FontAwesomeKit/IonIcons (2.1.5):
    - FontAwesomeKit/Core
  - FontAwesomeKit/Zocial (2.1.5):
    - FontAwesomeKit/Core
  - Mantle (1.4.1):
    - Mantle/extobjc
  - Mantle/extobjc (1.4.1)

DEPENDENCIES:
  - FontAwesomeKit (~> 2.1.0)
  - Mantle (~> 1.4.1)

SPEC CHECKSUMS:
  FontAwesomeKit: 7d935e100337d503bdaefde2ea16be740b81ed13
  Mantle: 0714cdb2b8559d9e6c2410d6a8529e3307bff189

COCOAPODS: 0.32.1
