// !$*UTF8*$!
{
	archiveVersion = 1;
	classes = {
	};
	objectVersion = 46;
	objects = {

/* Begin PBXBuildFile section */
		858F50B61906C5520099846E /* Foundation.framework in Frameworks */ = {isa = PBXBuildFile; fileRef = 858F50B51906C5520099846E /* Foundation.framework */; };
		858F50B81906C5520099846E /* CoreGraphics.framework in Frameworks */ = {isa = PBXBuildFile; fileRef = 858F50B71906C5520099846E /* CoreGraphics.framework */; };
		858F50BA1906C5520099846E /* UIKit.framework in Frameworks */ = {isa = PBXBuildFile; fileRef = 858F50B91906C5520099846E /* UIKit.framework */; };
		858F50C01906C5520099846E /* InfoPlist.strings in Resources */ = {isa = PBXBuildFile; fileRef = 858F50BE1906C5520099846E /* InfoPlist.strings */; };
		858F50C21906C5520099846E /* main.m in Sources */ = {isa = PBXBuildFile; fileRef = 858F50C11906C5520099846E /* main.m */; };
		858F50C61906C5520099846E /* AppDelegate.m in Sources */ = {isa = PBXBuildFile; fileRef = 858F50C51906C5520099846E /* AppDelegate.m */; };
		858F50C91906C5520099846E /* Main.storyboard in Resources */ = {isa = PBXBuildFile; fileRef = 858F50C71906C5520099846E /* Main.storyboard */; };
		858F50CC1906C5520099846E /* ViewController.m in Sources */ = {isa = PBXBuildFile; fileRef = 858F50CB1906C5520099846E /* ViewController.m */; };
		858F50CE1906C5520099846E /* Images.xcassets in Resources */ = {isa = PBXBuildFile; fileRef = 858F50CD1906C5520099846E /* Images.xcassets */; };
		85AB71D1190D68F6009BE413 /* CocoaVideoPlayerControlView.m in Sources */ = {isa = PBXBuildFile; fileRef = 85AB71D0190D68F6009BE413 /* CocoaVideoPlayerControlView.m */; };
		85AB7256190EAED5009BE413 /* CocoaVideoPlayerControlViewConfiguration.m in Sources */ = {isa = PBXBuildFile; fileRef = 85AB7255190EAED5009BE413 /* CocoaVideoPlayerControlViewConfiguration.m */; };
		85C3B0DE1909563B000FCAEA /* CocoaVideoPlayerView.m in Sources */ = {isa = PBXBuildFile; fileRef = 85C3B0DD1909563B000FCAEA /* CocoaVideoPlayerView.m */; };
		85C3B0E4190956D6000FCAEA /* AVFoundation.framework in Frameworks */ = {isa = PBXBuildFile; fileRef = 85C3B0E3190956D6000FCAEA /* AVFoundation.framework */; };
		85C3B0E7190958C7000FCAEA /* CocoaVideoPlayerNotification.m in Sources */ = {isa = PBXBuildFile; fileRef = 85C3B0E6190958C7000FCAEA /* CocoaVideoPlayerNotification.m */; };
		85C3B0F819096392000FCAEA /* CocoaVideoCueMarkModel.m in Sources */ = {isa = PBXBuildFile; fileRef = 85C3B0F319096392000FCAEA /* CocoaVideoCueMarkModel.m */; };
		85C3B0F919096392000FCAEA /* CocoaVideoModel.m in Sources */ = {isa = PBXBuildFile; fileRef = 85C3B0F519096392000FCAEA /* CocoaVideoModel.m */; };
		85C3B0FA19096392000FCAEA /* CocoaVideoScriptModel.m in Sources */ = {isa = PBXBuildFile; fileRef = 85C3B0F719096392000FCAEA /* CocoaVideoScriptModel.m */; };
		85C3B0FC19096562000FCAEA /* content in Resources */ = {isa = PBXBuildFile; fileRef = 85C3B0FB19096562000FCAEA /* content */; };
		C8B9F6B87ECB4D7CB38C31AF /* libPods.a in Frameworks */ = {isa = PBXBuildFile; fileRef = 0AC905F73EB64082BF930087 /* libPods.a */; };
/* End PBXBuildFile section */

/* Begin PBXFileReference section */
		0AC905F73EB64082BF930087 /* libPods.a */ = {isa = PBXFileReference; explicitFileType = archive.ar; includeInIndex = 0; path = libPods.a; sourceTree = BUILT_PRODUCTS_DIR; };
		499C8985B4C7477FA91D596E /* Pods.xcconfig */ = {isa = PBXFileReference; includeInIndex = 1; lastKnownFileType = text.xcconfig; name = Pods.xcconfig; path = Pods/Pods.xcconfig; sourceTree = "<group>"; };
		858F50B21906C5520099846E /* CocoaVideoPlayer.app */ = {isa = PBXFileReference; explicitFileType = wrapper.application; includeInIndex = 0; path = CocoaVideoPlayer.app; sourceTree = BUILT_PRODUCTS_DIR; };
		858F50B51906C5520099846E /* Foundation.framework */ = {isa = PBXFileReference; lastKnownFileType = wrapper.framework; name = Foundation.framework; path = System/Library/Frameworks/Foundation.framework; sourceTree = SDKROOT; };
		858F50B71906C5520099846E /* CoreGraphics.framework */ = {isa = PBXFileReference; lastKnownFileType = wrapper.framework; name = CoreGraphics.framework; path = System/Library/Frameworks/CoreGraphics.framework; sourceTree = SDKROOT; };
		858F50B91906C5520099846E /* UIKit.framework */ = {isa = PBXFileReference; lastKnownFileType = wrapper.framework; name = UIKit.framework; path = System/Library/Frameworks/UIKit.framework; sourceTree = SDKROOT; };
		858F50BD1906C5520099846E /* CocoaVideoPlayer-Info.plist */ = {isa = PBXFileReference; lastKnownFileType = text.plist.xml; path = "CocoaVideoPlayer-Info.plist"; sourceTree = "<group>"; };
		858F50BF1906C5520099846E /* en */ = {isa = PBXFileReference; lastKnownFileType = text.plist.strings; name = en; path = en.lproj/InfoPlist.strings; sourceTree = "<group>"; };
		858F50C11906C5520099846E /* main.m */ = {isa = PBXFileReference; lastKnownFileType = sourcecode.c.objc; path = main.m; sourceTree = "<group>"; };
		858F50C31906C5520099846E /* CocoaVideoPlayer-Prefix.pch */ = {isa = PBXFileReference; lastKnownFileType = sourcecode.c.h; path = "CocoaVideoPlayer-Prefix.pch"; sourceTree = "<group>"; };
		858F50C41906C5520099846E /* AppDelegate.h */ = {isa = PBXFileReference; lastKnownFileType = sourcecode.c.h; path = AppDelegate.h; sourceTree = "<group>"; };
		858F50C51906C5520099846E /* AppDelegate.m */ = {isa = PBXFileReference; lastKnownFileType = sourcecode.c.objc; path = AppDelegate.m; sourceTree = "<group>"; };
		858F50C81906C5520099846E /* Base */ = {isa = PBXFileReference; lastKnownFileType = file.storyboard; name = Base; path = Base.lproj/Main.storyboard; sourceTree = "<group>"; };
		858F50CA1906C5520099846E /* ViewController.h */ = {isa = PBXFileReference; lastKnownFileType = sourcecode.c.h; path = ViewController.h; sourceTree = "<group>"; };
		858F50CB1906C5520099846E /* ViewController.m */ = {isa = PBXFileReference; lastKnownFileType = sourcecode.c.objc; path = ViewController.m; sourceTree = "<group>"; };
		858F50CD1906C5520099846E /* Images.xcassets */ = {isa = PBXFileReference; lastKnownFileType = folder.assetcatalog; path = Images.xcassets; sourceTree = "<group>"; };
		858F50D41906C5520099846E /* XCTest.framework */ = {isa = PBXFileReference; lastKnownFileType = wrapper.framework; name = XCTest.framework; path = Library/Frameworks/XCTest.framework; sourceTree = DEVELOPER_DIR; };
		85AB71CF190D68F6009BE413 /* CocoaVideoPlayerControlView.h */ = {isa = PBXFileReference; fileEncoding = 4; lastKnownFileType = sourcecode.c.h; path = CocoaVideoPlayerControlView.h; sourceTree = "<group>"; };
		85AB71D0190D68F6009BE413 /* CocoaVideoPlayerControlView.m */ = {isa = PBXFileReference; fileEncoding = 4; lastKnownFileType = sourcecode.c.objc; path = CocoaVideoPlayerControlView.m; sourceTree = "<group>"; };
		85AB7255190EAED5009BE413 /* CocoaVideoPlayerControlViewConfiguration.m */ = {isa = PBXFileReference; fileEncoding = 4; lastKnownFileType = sourcecode.c.objc; path = CocoaVideoPlayerControlViewConfiguration.m; sourceTree = "<group>"; };
		85C3B0DC1909563B000FCAEA /* CocoaVideoPlayerView.h */ = {isa = PBXFileReference; fileEncoding = 4; lastKnownFileType = sourcecode.c.h; path = CocoaVideoPlayerView.h; sourceTree = "<group>"; };
		85C3B0DD1909563B000FCAEA /* CocoaVideoPlayerView.m */ = {isa = PBXFileReference; fileEncoding = 4; lastKnownFileType = sourcecode.c.objc; path = CocoaVideoPlayerView.m; sourceTree = "<group>"; };
		85C3B0E21909567D000FCAEA /* CocoaVideoPlayerDelegate.h */ = {isa = PBXFileReference; lastKnownFileType = sourcecode.c.h; path = CocoaVideoPlayerDelegate.h; sourceTree = "<group>"; };
		85C3B0E3190956D6000FCAEA /* AVFoundation.framework */ = {isa = PBXFileReference; lastKnownFileType = wrapper.framework; name = AVFoundation.framework; path = System/Library/Frameworks/AVFoundation.framework; sourceTree = SDKROOT; };
		85C3B0E5190958C7000FCAEA /* CocoaVideoPlayerNotification.h */ = {isa = PBXFileReference; fileEncoding = 4; lastKnownFileType = sourcecode.c.h; path = CocoaVideoPlayerNotification.h; sourceTree = "<group>"; };
		85C3B0E6190958C7000FCAEA /* CocoaVideoPlayerNotification.m */ = {isa = PBXFileReference; fileEncoding = 4; lastKnownFileType = sourcecode.c.objc; path = CocoaVideoPlayerNotification.m; sourceTree = "<group>"; };
		85C3B0F219096392000FCAEA /* CocoaVideoCueMarkModel.h */ = {isa = PBXFileReference; fileEncoding = 4; lastKnownFileType = sourcecode.c.h; path = CocoaVideoCueMarkModel.h; sourceTree = "<group>"; };
		85C3B0F319096392000FCAEA /* CocoaVideoCueMarkModel.m */ = {isa = PBXFileReference; fileEncoding = 4; lastKnownFileType = sourcecode.c.objc; path = CocoaVideoCueMarkModel.m; sourceTree = "<group>"; };
		85C3B0F419096392000FCAEA /* CocoaVideoModel.h */ = {isa = PBXFileReference; fileEncoding = 4; lastKnownFileType = sourcecode.c.h; path = CocoaVideoModel.h; sourceTree = "<group>"; };
		85C3B0F519096392000FCAEA /* CocoaVideoModel.m */ = {isa = PBXFileReference; fileEncoding = 4; lastKnownFileType = sourcecode.c.objc; path = CocoaVideoModel.m; sourceTree = "<group>"; };
		85C3B0F619096392000FCAEA /* CocoaVideoScriptModel.h */ = {isa = PBXFileReference; fileEncoding = 4; lastKnownFileType = sourcecode.c.h; path = CocoaVideoScriptModel.h; sourceTree = "<group>"; };
		85C3B0F719096392000FCAEA /* CocoaVideoScriptModel.m */ = {isa = PBXFileReference; fileEncoding = 4; lastKnownFileType = sourcecode.c.objc; path = CocoaVideoScriptModel.m; sourceTree = "<group>"; };
		85C3B0FB19096562000FCAEA /* content */ = {isa = PBXFileReference; lastKnownFileType = folder; path = content; sourceTree = "<group>"; };
		85E3711D190E4AC2007A8823 /* CocoaVideoPlayerControlViewDelegate.h */ = {isa = PBXFileReference; fileEncoding = 4; lastKnownFileType = sourcecode.c.h; path = CocoaVideoPlayerControlViewDelegate.h; sourceTree = "<group>"; };
		85E3711E190E4FBB007A8823 /* CocoaVideoPlayerControlViewConfiguration.h */ = {isa = PBXFileReference; fileEncoding = 4; lastKnownFileType = sourcecode.c.h; path = CocoaVideoPlayerControlViewConfiguration.h; sourceTree = "<group>"; };
/* End PBXFileReference section */

/* Begin PBXFrameworksBuildPhase section */
		858F50AF1906C5520099846E /* Frameworks */ = {
			isa = PBXFrameworksBuildPhase;
			buildActionMask = 2147483647;
			files = (
				858F50B81906C5520099846E /* CoreGraphics.framework in Frameworks */,
				858F50BA1906C5520099846E /* UIKit.framework in Frameworks */,
				85C3B0E4190956D6000FCAEA /* AVFoundation.framework in Frameworks */,
				858F50B61906C5520099846E /* Foundation.framework in Frameworks */,
				C8B9F6B87ECB4D7CB38C31AF /* libPods.a in Frameworks */,
			);
			runOnlyForDeploymentPostprocessing = 0;
		};
/* End PBXFrameworksBuildPhase section */

/* Begin PBXGroup section */
		858F50A91906C5520099846E = {
			isa = PBXGroup;
			children = (
				858F50BB1906C5520099846E /* CocoaVideoPlayerDemo */,
				858F50EA1906C5990099846E /* CocoaVideoPlayer */,
				858F50B41906C5520099846E /* Frameworks */,
				858F50B31906C5520099846E /* Products */,
				499C8985B4C7477FA91D596E /* Pods.xcconfig */,
			);
			sourceTree = "<group>";
		};
		858F50B31906C5520099846E /* Products */ = {
			isa = PBXGroup;
			children = (
				858F50B21906C5520099846E /* CocoaVideoPlayer.app */,
			);
			name = Products;
			sourceTree = "<group>";
		};
		858F50B41906C5520099846E /* Frameworks */ = {
			isa = PBXGroup;
			children = (
				85C3B0E3190956D6000FCAEA /* AVFoundation.framework */,
				858F50B51906C5520099846E /* Foundation.framework */,
				858F50B71906C5520099846E /* CoreGraphics.framework */,
				858F50B91906C5520099846E /* UIKit.framework */,
				858F50D41906C5520099846E /* XCTest.framework */,
				0AC905F73EB64082BF930087 /* libPods.a */,
			);
			name = Frameworks;
			sourceTree = "<group>";
		};
		858F50BB1906C5520099846E /* CocoaVideoPlayerDemo */ = {
			isa = PBXGroup;
			children = (
				858F50C41906C5520099846E /* AppDelegate.h */,
				858F50C51906C5520099846E /* AppDelegate.m */,
				858F50C71906C5520099846E /* Main.storyboard */,
				858F50CA1906C5520099846E /* ViewController.h */,
				858F50CB1906C5520099846E /* ViewController.m */,
				85C3B0FB19096562000FCAEA /* content */,
				858F50CD1906C5520099846E /* Images.xcassets */,
				858F50BC1906C5520099846E /* Supporting Files */,
			);
			path = CocoaVideoPlayerDemo;
			sourceTree = "<group>";
		};
		858F50BC1906C5520099846E /* Supporting Files */ = {
			isa = PBXGroup;
			children = (
				858F50BD1906C5520099846E /* CocoaVideoPlayer-Info.plist */,
				858F50BE1906C5520099846E /* InfoPlist.strings */,
				858F50C11906C5520099846E /* main.m */,
				858F50C31906C5520099846E /* CocoaVideoPlayer-Prefix.pch */,
			);
			name = "Supporting Files";
			sourceTree = "<group>";
		};
		858F50EA1906C5990099846E /* CocoaVideoPlayer */ = {
			isa = PBXGroup;
			children = (
				85C3B0DC1909563B000FCAEA /* CocoaVideoPlayerView.h */,
				85C3B0DD1909563B000FCAEA /* CocoaVideoPlayerView.m */,
				85C3B0E21909567D000FCAEA /* CocoaVideoPlayerDelegate.h */,
				85C3B0E5190958C7000FCAEA /* CocoaVideoPlayerNotification.h */,
				85C3B0E6190958C7000FCAEA /* CocoaVideoPlayerNotification.m */,
				85AB71CF190D68F6009BE413 /* CocoaVideoPlayerControlView.h */,
				85AB71D0190D68F6009BE413 /* CocoaVideoPlayerControlView.m */,
				85E3711D190E4AC2007A8823 /* CocoaVideoPlayerControlViewDelegate.h */,
				85E3711E190E4FBB007A8823 /* CocoaVideoPlayerControlViewConfiguration.h */,
				85AB7255190EAED5009BE413 /* CocoaVideoPlayerControlViewConfiguration.m */,
				85C3B0F119096392000FCAEA /* DataModel */,
			);
			path = CocoaVideoPlayer;
			sourceTree = "<group>";
		};
		85C3B0F119096392000FCAEA /* DataModel */ = {
			isa = PBXGroup;
			children = (
				85C3B0F419096392000FCAEA /* CocoaVideoModel.h */,
				85C3B0F519096392000FCAEA /* CocoaVideoModel.m */,
				85C3B0F219096392000FCAEA /* CocoaVideoCueMarkModel.h */,
				85C3B0F319096392000FCAEA /* CocoaVideoCueMarkModel.m */,
				85C3B0F619096392000FCAEA /* CocoaVideoScriptModel.h */,
				85C3B0F719096392000FCAEA /* CocoaVideoScriptModel.m */,
			);
			path = DataModel;
			sourceTree = "<group>";
		};
/* End PBXGroup section */

/* Begin PBXNativeTarget section */
		858F50B11906C5520099846E /* CocoaVideoPlayer */ = {
			isa = PBXNativeTarget;
			buildConfigurationList = 858F50E41906C5520099846E /* Build configuration list for PBXNativeTarget "CocoaVideoPlayer" */;
			buildPhases = (
				8A8DC00857DA4D0C953C8880 /* Check Pods Manifest.lock */,
				858F50AE1906C5520099846E /* Sources */,
				858F50AF1906C5520099846E /* Frameworks */,
				858F50B01906C5520099846E /* Resources */,
				D5D5A0708C8E422B8FCE80B8 /* Copy Pods Resources */,
			);
			buildRules = (
			);
			dependencies = (
			);
			name = CocoaVideoPlayer;
			productName = CocoaVideoPlayerDemo;
			productReference = 858F50B21906C5520099846E /* CocoaVideoPlayer.app */;
			productType = "com.apple.product-type.application";
		};
/* End PBXNativeTarget section */

/* Begin PBXProject section */
		858F50AA1906C5520099846E /* Project object */ = {
			isa = PBXProject;
			attributes = {
				LastUpgradeCheck = 0510;
				ORGANIZATIONNAME = Kingway;
			};
			buildConfigurationList = 858F50AD1906C5520099846E /* Build configuration list for PBXProject "CocoaVideoPlayer" */;
			compatibilityVersion = "Xcode 3.2";
			developmentRegion = English;
			hasScannedForEncodings = 0;
			knownRegions = (
				en,
				Base,
			);
			mainGroup = 858F50A91906C5520099846E;
			productRefGroup = 858F50B31906C5520099846E /* Products */;
			projectDirPath = "";
			projectRoot = "";
			targets = (
				858F50B11906C5520099846E /* CocoaVideoPlayer */,
			);
		};
/* End PBXProject section */

/* Begin PBXResourcesBuildPhase section */
		858F50B01906C5520099846E /* Resources */ = {
			isa = PBXResourcesBuildPhase;
			buildActionMask = 2147483647;
			files = (
				858F50CE1906C5520099846E /* Images.xcassets in Resources */,
				858F50C01906C5520099846E /* InfoPlist.strings in Resources */,
				85C3B0FC19096562000FCAEA /* content in Resources */,
				858F50C91906C5520099846E /* Main.storyboard in Resources */,
			);
			runOnlyForDeploymentPostprocessing = 0;
		};
/* End PBXResourcesBuildPhase section */

/* Begin PBXShellScriptBuildPhase section */
		8A8DC00857DA4D0C953C8880 /* Check Pods Manifest.lock */ = {
			isa = PBXShellScriptBuildPhase;
			buildActionMask = 2147483647;
			files = (
			);
			inputPaths = (
			);
			name = "Check Pods Manifest.lock";
			outputPaths = (
			);
			runOnlyForDeploymentPostprocessing = 0;
			shellPath = /bin/sh;
			shellScript = "diff \"${PODS_ROOT}/../Podfile.lock\" \"${PODS_ROOT}/Manifest.lock\" > /dev/null\nif [[ $? != 0 ]] ; then\n    cat << EOM\nerror: The sandbox is not in sync with the Podfile.lock. Run 'pod install' or update your CocoaPods installation.\nEOM\n    exit 1\nfi\n";
			showEnvVarsInLog = 0;
		};
		D5D5A0708C8E422B8FCE80B8 /* Copy Pods Resources */ = {
			isa = PBXShellScriptBuildPhase;
			buildActionMask = 2147483647;
			files = (
			);
			inputPaths = (
			);
			name = "Copy Pods Resources";
			outputPaths = (
			);
			runOnlyForDeploymentPostprocessing = 0;
			shellPath = /bin/sh;
			shellScript = "\"${SRCROOT}/Pods/Pods-resources.sh\"\n";
			showEnvVarsInLog = 0;
		};
/* End PBXShellScriptBuildPhase section */

/* Begin PBXSourcesBuildPhase section */
		858F50AE1906C5520099846E /* Sources */ = {
			isa = PBXSourcesBuildPhase;
			buildActionMask = 2147483647;
			files = (
				85AB71D1190D68F6009BE413 /* CocoaVideoPlayerControlView.m in Sources */,
				85C3B0F819096392000FCAEA /* CocoaVideoCueMarkModel.m in Sources */,
				85C3B0E7190958C7000FCAEA /* CocoaVideoPlayerNotification.m in Sources */,
				858F50CC1906C5520099846E /* ViewController.m in Sources */,
				85C3B0DE1909563B000FCAEA /* CocoaVideoPlayerView.m in Sources */,
				85C3B0FA19096392000FCAEA /* CocoaVideoScriptModel.m in Sources */,
				85AB7256190EAED5009BE413 /* CocoaVideoPlayerControlViewConfiguration.m in Sources */,
				85C3B0F919096392000FCAEA /* CocoaVideoModel.m in Sources */,
				858F50C61906C5520099846E /* AppDelegate.m in Sources */,
				858F50C21906C5520099846E /* main.m in Sources */,
			);
			runOnlyForDeploymentPostprocessing = 0;
		};
/* End PBXSourcesBuildPhase section */

/* Begin PBXVariantGroup section */
		858F50BE1906C5520099846E /* InfoPlist.strings */ = {
			isa = PBXVariantGroup;
			children = (
				858F50BF1906C5520099846E /* en */,
			);
			name = InfoPlist.strings;
			sourceTree = "<group>";
		};
		858F50C71906C5520099846E /* Main.storyboard */ = {
			isa = PBXVariantGroup;
			children = (
				858F50C81906C5520099846E /* Base */,
			);
			name = Main.storyboard;
			sourceTree = "<group>";
		};
/* End PBXVariantGroup section */

/* Begin XCBuildConfiguration section */
		858F50E21906C5520099846E /* Debug */ = {
			isa = XCBuildConfiguration;
			buildSettings = {
				ALWAYS_SEARCH_USER_PATHS = NO;
				CLANG_CXX_LANGUAGE_STANDARD = "gnu++0x";
				CLANG_CXX_LIBRARY = "libc++";
				CLANG_ENABLE_MODULES = YES;
				CLANG_ENABLE_OBJC_ARC = YES;
				CLANG_WARN_BOOL_CONVERSION = YES;
				CLANG_WARN_CONSTANT_CONVERSION = YES;
				CLANG_WARN_DIRECT_OBJC_ISA_USAGE = YES_ERROR;
				CLANG_WARN_EMPTY_BODY = YES;
				CLANG_WARN_ENUM_CONVERSION = YES;
				CLANG_WARN_INT_CONVERSION = YES;
				CLANG_WARN_OBJC_ROOT_CLASS = YES_ERROR;
				CLANG_WARN__DUPLICATE_METHOD_MATCH = YES;
				"CODE_SIGN_IDENTITY[sdk=iphoneos*]" = "iPhone Developer";
				COPY_PHASE_STRIP = NO;
				GCC_C_LANGUAGE_STANDARD = gnu99;
				GCC_DYNAMIC_NO_PIC = NO;
				GCC_OPTIMIZATION_LEVEL = 0;
				GCC_PREPROCESSOR_DEFINITIONS = (
					"DEBUG=1",
					"$(inherited)",
				);
				GCC_SYMBOLS_PRIVATE_EXTERN = NO;
				GCC_WARN_64_TO_32_BIT_CONVERSION = YES;
				GCC_WARN_ABOUT_RETURN_TYPE = YES_ERROR;
				GCC_WARN_UNDECLARED_SELECTOR = YES;
				GCC_WARN_UNINITIALIZED_AUTOS = YES_AGGRESSIVE;
				GCC_WARN_UNUSED_FUNCTION = YES;
				GCC_WARN_UNUSED_VARIABLE = YES;
				IPHONEOS_DEPLOYMENT_TARGET = 6.0;
				ONLY_ACTIVE_ARCH = YES;
				SDKROOT = iphoneos;
			};
			name = Debug;
		};
		858F50E31906C5520099846E /* Release */ = {
			isa = XCBuildConfiguration;
			buildSettings = {
				ALWAYS_SEARCH_USER_PATHS = NO;
				CLANG_CXX_LANGUAGE_STANDARD = "gnu++0x";
				CLANG_CXX_LIBRARY = "libc++";
				CLANG_ENABLE_MODULES = YES;
				CLANG_ENABLE_OBJC_ARC = YES;
				CLANG_WARN_BOOL_CONVERSION = YES;
				CLANG_WARN_CONSTANT_CONVERSION = YES;
				CLANG_WARN_DIRECT_OBJC_ISA_USAGE = YES_ERROR;
				CLANG_WARN_EMPTY_BODY = YES;
				CLANG_WARN_ENUM_CONVERSION = YES;
				CLANG_WARN_INT_CONVERSION = YES;
				CLANG_WARN_OBJC_ROOT_CLASS = YES_ERROR;
				CLANG_WARN__DUPLICATE_METHOD_MATCH = YES;
				"CODE_SIGN_IDENTITY[sdk=iphoneos*]" = "iPhone Developer";
				COPY_PHASE_STRIP = YES;
				ENABLE_NS_ASSERTIONS = NO;
				GCC_C_LANGUAGE_STANDARD = gnu99;
				GCC_WARN_64_TO_32_BIT_CONVERSION = YES;
				GCC_WARN_ABOUT_RETURN_TYPE = YES_ERROR;
				GCC_WARN_UNDECLARED_SELECTOR = YES;
				GCC_WARN_UNINITIALIZED_AUTOS = YES_AGGRESSIVE;
				GCC_WARN_UNUSED_FUNCTION = YES;
				GCC_WARN_UNUSED_VARIABLE = YES;
				IPHONEOS_DEPLOYMENT_TARGET = 6.0;
				SDKROOT = iphoneos;
				VALIDATE_PRODUCT = YES;
			};
			name = Release;
		};
		858F50E51906C5520099846E /* Debug */ = {
			isa = XCBuildConfiguration;
			baseConfigurationReference = 499C8985B4C7477FA91D596E /* Pods.xcconfig */;
			buildSettings = {
				ASSETCATALOG_COMPILER_APPICON_NAME = AppIcon;
				ASSETCATALOG_COMPILER_LAUNCHIMAGE_NAME = LaunchImage;
				GCC_PRECOMPILE_PREFIX_HEADER = YES;
				GCC_PREFIX_HEADER = "CocoaVideoPlayerDemo/CocoaVideoPlayer-Prefix.pch";
				INFOPLIST_FILE = "CocoaVideoPlayerDemo/CocoaVideoPlayer-Info.plist";
				PRODUCT_NAME = CocoaVideoPlayer;
				WRAPPER_EXTENSION = app;
			};
			name = Debug;
		};
		858F50E61906C5520099846E /* Release */ = {
			isa = XCBuildConfiguration;
			baseConfigurationReference = 499C8985B4C7477FA91D596E /* Pods.xcconfig */;
			buildSettings = {
				ASSETCATALOG_COMPILER_APPICON_NAME = AppIcon;
				ASSETCATALOG_COMPILER_LAUNCHIMAGE_NAME = LaunchImage;
				GCC_PRECOMPILE_PREFIX_HEADER = YES;
				GCC_PREFIX_HEADER = "CocoaVideoPlayerDemo/CocoaVideoPlayer-Prefix.pch";
				INFOPLIST_FILE = "CocoaVideoPlayerDemo/CocoaVideoPlayer-Info.plist";
				PRODUCT_NAME = CocoaVideoPlayer;
				WRAPPER_EXTENSION = app;
			};
			name = Release;
		};
/* End XCBuildConfiguration section */

/* Begin XCConfigurationList section */
		858F50AD1906C5520099846E /* Build configuration list for PBXProject "CocoaVideoPlayer" */ = {
			isa = XCConfigurationList;
			buildConfigurations = (
				858F50E21906C5520099846E /* Debug */,
				858F50E31906C5520099846E /* Release */,
			);
			defaultConfigurationIsVisible = 0;
			defaultConfigurationName = Release;
		};
		858F50E41906C5520099846E /* Build configuration list for PBXNativeTarget "CocoaVideoPlayer" */ = {
			isa = XCConfigurationList;
			buildConfigurations = (
				858F50E51906C5520099846E /* Debug */,
				858F50E61906C5520099846E /* Release */,
			);
			defaultConfigurationIsVisible = 0;
			defaultConfigurationName = Release;
		};
/* End XCConfigurationList section */
	};
	rootObject = 858F50AA1906C5520099846E /* Project object */;
}
